// !$*UTF8*$!
{
	archiveVersion = 1;
	classes = {
	};
	objectVersion = 56;
	objects = {

/* Begin PBXBuildFile section */
		FA2BDADE2A4B276400878BD6 /* LinkApp.swift in Sources */ = {isa = PBXBuildFile; fileRef = FA2BDADD2A4B276400878BD6 /* LinkApp.swift */; };
		FA2BDAE02A4B276400878BD6 /* MainView.swift in Sources */ = {isa = PBXBuildFile; fileRef = FA2BDADF2A4B276400878BD6 /* MainView.swift */; };
		FA2BDAE22A4B276700878BD6 /* Assets.xcassets in Resources */ = {isa = PBXBuildFile; fileRef = FA2BDAE12A4B276700878BD6 /* Assets.xcassets */; };
		FA2BDAE52A4B276700878BD6 /* Preview Assets.xcassets in Resources */ = {isa = PBXBuildFile; fileRef = FA2BDAE42A4B276700878BD6 /* Preview Assets.xcassets */; };
		FA2BDAEF2A4B276800878BD6 /* LinkTests.swift in Sources */ = {isa = PBXBuildFile; fileRef = FA2BDAEE2A4B276800878BD6 /* LinkTests.swift */; };
		FA2BDAF92A4B276800878BD6 /* LinkUITests.swift in Sources */ = {isa = PBXBuildFile; fileRef = FA2BDAF82A4B276800878BD6 /* LinkUITests.swift */; };
		FA2BDAFB2A4B276800878BD6 /* LinkUITestsLaunchTests.swift in Sources */ = {isa = PBXBuildFile; fileRef = FA2BDAFA2A4B276800878BD6 /* LinkUITestsLaunchTests.swift */; };
		FA2BDB0B2A4B289600878BD6 /* FirebaseAuth in Frameworks */ = {isa = PBXBuildFile; productRef = FA2BDB0A2A4B289600878BD6 /* FirebaseAuth */; };
		FA2BDB0D2A4B289600878BD6 /* FirebaseFirestore in Frameworks */ = {isa = PBXBuildFile; productRef = FA2BDB0C2A4B289600878BD6 /* FirebaseFirestore */; };
		FA2BDB0F2A4B289600878BD6 /* FirebaseFirestoreSwift in Frameworks */ = {isa = PBXBuildFile; productRef = FA2BDB0E2A4B289600878BD6 /* FirebaseFirestoreSwift */; };
		FA2BDB162A4B29B700878BD6 /* LoginView.swift in Sources */ = {isa = PBXBuildFile; fileRef = FA2BDB152A4B29B700878BD6 /* LoginView.swift */; };
		FA2BDB182A4B29C400878BD6 /* RegisterView.swift in Sources */ = {isa = PBXBuildFile; fileRef = FA2BDB172A4B29C400878BD6 /* RegisterView.swift */; };
		FA2BDB1A2A4B29CE00878BD6 /* MapView.swift in Sources */ = {isa = PBXBuildFile; fileRef = FA2BDB192A4B29CE00878BD6 /* MapView.swift */; };
		FA2BDB1E2A4B2A0D00878BD6 /* EditProfileView.swift in Sources */ = {isa = PBXBuildFile; fileRef = FA2BDB1D2A4B2A0D00878BD6 /* EditProfileView.swift */; };
		FA2BDB202A4B2A1A00878BD6 /* SettingsView.swift in Sources */ = {isa = PBXBuildFile; fileRef = FA2BDB1F2A4B2A1A00878BD6 /* SettingsView.swift */; };
		FA2BDB222A4B2A6000878BD6 /* MainViewModel.swift in Sources */ = {isa = PBXBuildFile; fileRef = FA2BDB212A4B2A6000878BD6 /* MainViewModel.swift */; };
		FA2BDB242A4B2A6800878BD6 /* LoginViewModel.swift in Sources */ = {isa = PBXBuildFile; fileRef = FA2BDB232A4B2A6800878BD6 /* LoginViewModel.swift */; };
		FA2BDB262A4B2A7200878BD6 /* RegisterViewModel.swift in Sources */ = {isa = PBXBuildFile; fileRef = FA2BDB252A4B2A7200878BD6 /* RegisterViewModel.swift */; };
		FA2BDB282A4B2A7B00878BD6 /* MapViewModel.swift in Sources */ = {isa = PBXBuildFile; fileRef = FA2BDB272A4B2A7B00878BD6 /* MapViewModel.swift */; };
		FA2BDB2C2A4B2A9100878BD6 /* EditProfileViewModel.swift in Sources */ = {isa = PBXBuildFile; fileRef = FA2BDB2B2A4B2A9100878BD6 /* EditProfileViewModel.swift */; };
		FA2BDB2E2A4B2A9800878BD6 /* SettingsViewModel.swift in Sources */ = {isa = PBXBuildFile; fileRef = FA2BDB2D2A4B2A9800878BD6 /* SettingsViewModel.swift */; };
		FA2BDB302A4B2B2E00878BD6 /* User.swift in Sources */ = {isa = PBXBuildFile; fileRef = FA2BDB2F2A4B2B2E00878BD6 /* User.swift */; };
		FA32815B2A4D32260052C730 /* SidebarView.swift in Sources */ = {isa = PBXBuildFile; fileRef = FA32815A2A4D32260052C730 /* SidebarView.swift */; };
		FA32815D2A4DD9B40052C730 /* TextView.swift in Sources */ = {isa = PBXBuildFile; fileRef = FA32815C2A4DD9B40052C730 /* TextView.swift */; };
		FA3281602A4DDE730052C730 /* CirclesView.swift in Sources */ = {isa = PBXBuildFile; fileRef = FA32815F2A4DDE730052C730 /* CirclesView.swift */; };
		FA80F5B92A4B3270001D53C1 /* Extensions.swift in Sources */ = {isa = PBXBuildFile; fileRef = FA80F5B82A4B3270001D53C1 /* Extensions.swift */; };
		FA80F5BB2A4B3324001D53C1 /* HeaderView.swift in Sources */ = {isa = PBXBuildFile; fileRef = FA80F5BA2A4B3324001D53C1 /* HeaderView.swift */; };
		FA80F5BD2A4B5A43001D53C1 /* GoogleService-Info.plist in Resources */ = {isa = PBXBuildFile; fileRef = FA80F5BC2A4B5A43001D53C1 /* GoogleService-Info.plist */; };
		FA80F5C92A4C948E001D53C1 /* SidebarViewModel.swift in Sources */ = {isa = PBXBuildFile; fileRef = FA80F5C82A4C948E001D53C1 /* SidebarViewModel.swift */; };
		FA9AB4422A5892F500D61269 /* TextFieldView.swift in Sources */ = {isa = PBXBuildFile; fileRef = FA9AB4412A5892F500D61269 /* TextFieldView.swift */; };
		FA9AB4452A589FB700D61269 /* RegisterWithPhoneView.swift in Sources */ = {isa = PBXBuildFile; fileRef = FA9AB4442A589FB700D61269 /* RegisterWithPhoneView.swift */; };
		FA9AB4472A59E09200D61269 /* HomeView.swift in Sources */ = {isa = PBXBuildFile; fileRef = FA9AB4462A59E09200D61269 /* HomeView.swift */; };
		FA9AB4492A5B416500D61269 /* ImageView.swift in Sources */ = {isa = PBXBuildFile; fileRef = FA9AB4482A5B416500D61269 /* ImageView.swift */; };
		FA9AB44B2A5DC83000D61269 /* HomeViewModel.swift in Sources */ = {isa = PBXBuildFile; fileRef = FA9AB44A2A5DC83000D61269 /* HomeViewModel.swift */; };
		FA9AB44D2A5DF0C900D61269 /* Group.swift in Sources */ = {isa = PBXBuildFile; fileRef = FA9AB44C2A5DF0C900D61269 /* Group.swift */; };
		FA9AB44F2A5DF71300D61269 /* CreateCircleView.swift in Sources */ = {isa = PBXBuildFile; fileRef = FA9AB44E2A5DF71300D61269 /* CreateCircleView.swift */; };
		FA9AB4512A5EEC9700D61269 /* ContactView.swift in Sources */ = {isa = PBXBuildFile; fileRef = FA9AB4502A5EEC9700D61269 /* ContactView.swift */; };
		FA9AB4532A5EECA200D61269 /* ContactViewModel.swift in Sources */ = {isa = PBXBuildFile; fileRef = FA9AB4522A5EECA200D61269 /* ContactViewModel.swift */; };
		FA9AB4552A5EECE800D61269 /* FriendsListViewModel.swift in Sources */ = {isa = PBXBuildFile; fileRef = FA9AB4542A5EECE800D61269 /* FriendsListViewModel.swift */; };
		FA9AB4572A5EECF400D61269 /* FriendsListView.swift in Sources */ = {isa = PBXBuildFile; fileRef = FA9AB4562A5EECF400D61269 /* FriendsListView.swift */; };
		FA9AB4592A5EFB8C00D61269 /* CreateCircleViewModel.swift in Sources */ = {isa = PBXBuildFile; fileRef = FA9AB4582A5EFB8C00D61269 /* CreateCircleViewModel.swift */; };
		FA9AB45C2A64543300D61269 /* ExploreFriendsView.swift in Sources */ = {isa = PBXBuildFile; fileRef = FA9AB45B2A64543300D61269 /* ExploreFriendsView.swift */; };
		FA9AB45E2A64544400D61269 /* ExploreFriendsViewModel.swift in Sources */ = {isa = PBXBuildFile; fileRef = FA9AB45D2A64544400D61269 /* ExploreFriendsViewModel.swift */; };
		FA9AB4602A65984700D61269 /* MessagesView.swift in Sources */ = {isa = PBXBuildFile; fileRef = FA9AB45F2A65984700D61269 /* MessagesView.swift */; };
		FA9AB4622A65985100D61269 /* MessagesViewModel.swift in Sources */ = {isa = PBXBuildFile; fileRef = FA9AB4612A65985100D61269 /* MessagesViewModel.swift */; };
		FAA81C162A65BD080016CDE1 /* CurrentUserProfileView.swift in Sources */ = {isa = PBXBuildFile; fileRef = FAA81C152A65BD080016CDE1 /* CurrentUserProfileView.swift */; };
		FAA81C182A65BD1E0016CDE1 /* CurrentUserProfileViewModel.swift in Sources */ = {isa = PBXBuildFile; fileRef = FAA81C172A65BD1E0016CDE1 /* CurrentUserProfileViewModel.swift */; };
/* End PBXBuildFile section */

/* Begin PBXContainerItemProxy section */
		FA2BDAEB2A4B276800878BD6 /* PBXContainerItemProxy */ = {
			isa = PBXContainerItemProxy;
			containerPortal = FA2BDAD22A4B276400878BD6 /* Project object */;
			proxyType = 1;
			remoteGlobalIDString = FA2BDAD92A4B276400878BD6;
			remoteInfo = Link;
		};
		FA2BDAF52A4B276800878BD6 /* PBXContainerItemProxy */ = {
			isa = PBXContainerItemProxy;
			containerPortal = FA2BDAD22A4B276400878BD6 /* Project object */;
			proxyType = 1;
			remoteGlobalIDString = FA2BDAD92A4B276400878BD6;
			remoteInfo = Link;
		};
/* End PBXContainerItemProxy section */

/* Begin PBXFileReference section */
		FA2BDADA2A4B276400878BD6 /* Link.app */ = {isa = PBXFileReference; explicitFileType = wrapper.application; includeInIndex = 0; path = Link.app; sourceTree = BUILT_PRODUCTS_DIR; };
		FA2BDADD2A4B276400878BD6 /* LinkApp.swift */ = {isa = PBXFileReference; lastKnownFileType = sourcecode.swift; path = LinkApp.swift; sourceTree = "<group>"; };
		FA2BDADF2A4B276400878BD6 /* MainView.swift */ = {isa = PBXFileReference; lastKnownFileType = sourcecode.swift; path = MainView.swift; sourceTree = "<group>"; };
		FA2BDAE12A4B276700878BD6 /* Assets.xcassets */ = {isa = PBXFileReference; lastKnownFileType = folder.assetcatalog; path = Assets.xcassets; sourceTree = "<group>"; };
		FA2BDAE42A4B276700878BD6 /* Preview Assets.xcassets */ = {isa = PBXFileReference; lastKnownFileType = folder.assetcatalog; path = "Preview Assets.xcassets"; sourceTree = "<group>"; };
		FA2BDAEA2A4B276800878BD6 /* LinkTests.xctest */ = {isa = PBXFileReference; explicitFileType = wrapper.cfbundle; includeInIndex = 0; path = LinkTests.xctest; sourceTree = BUILT_PRODUCTS_DIR; };
		FA2BDAEE2A4B276800878BD6 /* LinkTests.swift */ = {isa = PBXFileReference; lastKnownFileType = sourcecode.swift; path = LinkTests.swift; sourceTree = "<group>"; };
		FA2BDAF42A4B276800878BD6 /* LinkUITests.xctest */ = {isa = PBXFileReference; explicitFileType = wrapper.cfbundle; includeInIndex = 0; path = LinkUITests.xctest; sourceTree = BUILT_PRODUCTS_DIR; };
		FA2BDAF82A4B276800878BD6 /* LinkUITests.swift */ = {isa = PBXFileReference; lastKnownFileType = sourcecode.swift; path = LinkUITests.swift; sourceTree = "<group>"; };
		FA2BDAFA2A4B276800878BD6 /* LinkUITestsLaunchTests.swift */ = {isa = PBXFileReference; lastKnownFileType = sourcecode.swift; path = LinkUITestsLaunchTests.swift; sourceTree = "<group>"; };
		FA2BDB152A4B29B700878BD6 /* LoginView.swift */ = {isa = PBXFileReference; lastKnownFileType = sourcecode.swift; path = LoginView.swift; sourceTree = "<group>"; };
		FA2BDB172A4B29C400878BD6 /* RegisterView.swift */ = {isa = PBXFileReference; lastKnownFileType = sourcecode.swift; path = RegisterView.swift; sourceTree = "<group>"; };
		FA2BDB192A4B29CE00878BD6 /* MapView.swift */ = {isa = PBXFileReference; lastKnownFileType = sourcecode.swift; path = MapView.swift; sourceTree = "<group>"; };
		FA2BDB1D2A4B2A0D00878BD6 /* EditProfileView.swift */ = {isa = PBXFileReference; lastKnownFileType = sourcecode.swift; path = EditProfileView.swift; sourceTree = "<group>"; };
		FA2BDB1F2A4B2A1A00878BD6 /* SettingsView.swift */ = {isa = PBXFileReference; lastKnownFileType = sourcecode.swift; path = SettingsView.swift; sourceTree = "<group>"; };
		FA2BDB212A4B2A6000878BD6 /* MainViewModel.swift */ = {isa = PBXFileReference; lastKnownFileType = sourcecode.swift; path = MainViewModel.swift; sourceTree = "<group>"; };
		FA2BDB232A4B2A6800878BD6 /* LoginViewModel.swift */ = {isa = PBXFileReference; lastKnownFileType = sourcecode.swift; path = LoginViewModel.swift; sourceTree = "<group>"; };
		FA2BDB252A4B2A7200878BD6 /* RegisterViewModel.swift */ = {isa = PBXFileReference; lastKnownFileType = sourcecode.swift; path = RegisterViewModel.swift; sourceTree = "<group>"; };
		FA2BDB272A4B2A7B00878BD6 /* MapViewModel.swift */ = {isa = PBXFileReference; lastKnownFileType = sourcecode.swift; path = MapViewModel.swift; sourceTree = "<group>"; };
		FA2BDB2B2A4B2A9100878BD6 /* EditProfileViewModel.swift */ = {isa = PBXFileReference; lastKnownFileType = sourcecode.swift; path = EditProfileViewModel.swift; sourceTree = "<group>"; };
		FA2BDB2D2A4B2A9800878BD6 /* SettingsViewModel.swift */ = {isa = PBXFileReference; lastKnownFileType = sourcecode.swift; path = SettingsViewModel.swift; sourceTree = "<group>"; };
		FA2BDB2F2A4B2B2E00878BD6 /* User.swift */ = {isa = PBXFileReference; lastKnownFileType = sourcecode.swift; path = User.swift; sourceTree = "<group>"; };
		FA32815A2A4D32260052C730 /* SidebarView.swift */ = {isa = PBXFileReference; lastKnownFileType = sourcecode.swift; path = SidebarView.swift; sourceTree = "<group>"; };
		FA32815C2A4DD9B40052C730 /* TextView.swift */ = {isa = PBXFileReference; lastKnownFileType = sourcecode.swift; path = TextView.swift; sourceTree = "<group>"; };
		FA32815F2A4DDE730052C730 /* CirclesView.swift */ = {isa = PBXFileReference; lastKnownFileType = sourcecode.swift; path = CirclesView.swift; sourceTree = "<group>"; };
		FA80F5B82A4B3270001D53C1 /* Extensions.swift */ = {isa = PBXFileReference; lastKnownFileType = sourcecode.swift; path = Extensions.swift; sourceTree = "<group>"; };
		FA80F5BA2A4B3324001D53C1 /* HeaderView.swift */ = {isa = PBXFileReference; lastKnownFileType = sourcecode.swift; path = HeaderView.swift; sourceTree = "<group>"; };
		FA80F5BC2A4B5A43001D53C1 /* GoogleService-Info.plist */ = {isa = PBXFileReference; fileEncoding = 4; lastKnownFileType = text.plist.xml; path = "GoogleService-Info.plist"; sourceTree = "<group>"; };
		FA80F5C82A4C948E001D53C1 /* SidebarViewModel.swift */ = {isa = PBXFileReference; lastKnownFileType = sourcecode.swift; path = SidebarViewModel.swift; sourceTree = "<group>"; };
		FA9AB4412A5892F500D61269 /* TextFieldView.swift */ = {isa = PBXFileReference; lastKnownFileType = sourcecode.swift; path = TextFieldView.swift; sourceTree = "<group>"; };
		FA9AB4442A589FB700D61269 /* RegisterWithPhoneView.swift */ = {isa = PBXFileReference; lastKnownFileType = sourcecode.swift; path = RegisterWithPhoneView.swift; sourceTree = "<group>"; };
		FA9AB4462A59E09200D61269 /* HomeView.swift */ = {isa = PBXFileReference; lastKnownFileType = sourcecode.swift; path = HomeView.swift; sourceTree = "<group>"; };
		FA9AB4482A5B416500D61269 /* ImageView.swift */ = {isa = PBXFileReference; lastKnownFileType = sourcecode.swift; path = ImageView.swift; sourceTree = "<group>"; };
		FA9AB44A2A5DC83000D61269 /* HomeViewModel.swift */ = {isa = PBXFileReference; lastKnownFileType = sourcecode.swift; path = HomeViewModel.swift; sourceTree = "<group>"; };
		FA9AB44C2A5DF0C900D61269 /* Group.swift */ = {isa = PBXFileReference; lastKnownFileType = sourcecode.swift; path = Group.swift; sourceTree = "<group>"; };
		FA9AB44E2A5DF71300D61269 /* CreateCircleView.swift */ = {isa = PBXFileReference; lastKnownFileType = sourcecode.swift; path = CreateCircleView.swift; sourceTree = "<group>"; };
		FA9AB4502A5EEC9700D61269 /* ContactView.swift */ = {isa = PBXFileReference; lastKnownFileType = sourcecode.swift; path = ContactView.swift; sourceTree = "<group>"; };
		FA9AB4522A5EECA200D61269 /* ContactViewModel.swift */ = {isa = PBXFileReference; lastKnownFileType = sourcecode.swift; path = ContactViewModel.swift; sourceTree = "<group>"; };
		FA9AB4542A5EECE800D61269 /* FriendsListViewModel.swift */ = {isa = PBXFileReference; lastKnownFileType = sourcecode.swift; path = FriendsListViewModel.swift; sourceTree = "<group>"; };
		FA9AB4562A5EECF400D61269 /* FriendsListView.swift */ = {isa = PBXFileReference; lastKnownFileType = sourcecode.swift; path = FriendsListView.swift; sourceTree = "<group>"; };
		FA9AB4582A5EFB8C00D61269 /* CreateCircleViewModel.swift */ = {isa = PBXFileReference; lastKnownFileType = sourcecode.swift; path = CreateCircleViewModel.swift; sourceTree = "<group>"; };
		FA9AB45A2A5F099B00D61269 /* Info.plist */ = {isa = PBXFileReference; lastKnownFileType = text.plist; path = Info.plist; sourceTree = "<group>"; };
		FA9AB45B2A64543300D61269 /* ExploreFriendsView.swift */ = {isa = PBXFileReference; lastKnownFileType = sourcecode.swift; path = ExploreFriendsView.swift; sourceTree = "<group>"; };
		FA9AB45D2A64544400D61269 /* ExploreFriendsViewModel.swift */ = {isa = PBXFileReference; lastKnownFileType = sourcecode.swift; path = ExploreFriendsViewModel.swift; sourceTree = "<group>"; };
		FA9AB45F2A65984700D61269 /* MessagesView.swift */ = {isa = PBXFileReference; lastKnownFileType = sourcecode.swift; path = MessagesView.swift; sourceTree = "<group>"; };
		FA9AB4612A65985100D61269 /* MessagesViewModel.swift */ = {isa = PBXFileReference; lastKnownFileType = sourcecode.swift; path = MessagesViewModel.swift; sourceTree = "<group>"; };
		FAA81C152A65BD080016CDE1 /* CurrentUserProfileView.swift */ = {isa = PBXFileReference; lastKnownFileType = sourcecode.swift; path = CurrentUserProfileView.swift; sourceTree = "<group>"; };
		FAA81C172A65BD1E0016CDE1 /* CurrentUserProfileViewModel.swift */ = {isa = PBXFileReference; lastKnownFileType = sourcecode.swift; path = CurrentUserProfileViewModel.swift; sourceTree = "<group>"; };
/* End PBXFileReference section */

/* Begin PBXFrameworksBuildPhase section */
		FA2BDAD72A4B276400878BD6 /* Frameworks */ = {
			isa = PBXFrameworksBuildPhase;
			buildActionMask = 2147483647;
			files = (
				FA2BDB0B2A4B289600878BD6 /* FirebaseAuth in Frameworks */,
				FA2BDB0D2A4B289600878BD6 /* FirebaseFirestore in Frameworks */,
				FA2BDB0F2A4B289600878BD6 /* FirebaseFirestoreSwift in Frameworks */,
			);
			runOnlyForDeploymentPostprocessing = 0;
		};
		FA2BDAE72A4B276800878BD6 /* Frameworks */ = {
			isa = PBXFrameworksBuildPhase;
			buildActionMask = 2147483647;
			files = (
			);
			runOnlyForDeploymentPostprocessing = 0;
		};
		FA2BDAF12A4B276800878BD6 /* Frameworks */ = {
			isa = PBXFrameworksBuildPhase;
			buildActionMask = 2147483647;
			files = (
			);
			runOnlyForDeploymentPostprocessing = 0;
		};
/* End PBXFrameworksBuildPhase section */

/* Begin PBXGroup section */
		FA2BDAD12A4B276400878BD6 = {
			isa = PBXGroup;
			children = (
				FA2BDADC2A4B276400878BD6 /* Link */,
				FA2BDAED2A4B276800878BD6 /* LinkTests */,
				FA2BDAF72A4B276800878BD6 /* LinkUITests */,
				FA2BDADB2A4B276400878BD6 /* Products */,
			);
			sourceTree = "<group>";
		};
		FA2BDADB2A4B276400878BD6 /* Products */ = {
			isa = PBXGroup;
			children = (
				FA2BDADA2A4B276400878BD6 /* Link.app */,
				FA2BDAEA2A4B276800878BD6 /* LinkTests.xctest */,
				FA2BDAF42A4B276800878BD6 /* LinkUITests.xctest */,
			);
			name = Products;
			sourceTree = "<group>";
		};
		FA2BDADC2A4B276400878BD6 /* Link */ = {
			isa = PBXGroup;
			children = (
				FA9AB45A2A5F099B00D61269 /* Info.plist */,
				FA2BDB142A4B297500878BD6 /* Other */,
				FA2BDB132A4B296F00878BD6 /* Models */,
				FA2BDB122A4B295C00878BD6 /* ViewModels */,
				FA2BDB102A4B294200878BD6 /* Views */,
				FA2BDAE32A4B276700878BD6 /* Preview Content */,
			);
			path = Link;
			sourceTree = "<group>";
		};
		FA2BDAE32A4B276700878BD6 /* Preview Content */ = {
			isa = PBXGroup;
			children = (
				FA2BDAE42A4B276700878BD6 /* Preview Assets.xcassets */,
			);
			path = "Preview Content";
			sourceTree = "<group>";
		};
		FA2BDAED2A4B276800878BD6 /* LinkTests */ = {
			isa = PBXGroup;
			children = (
				FA2BDAEE2A4B276800878BD6 /* LinkTests.swift */,
			);
			path = LinkTests;
			sourceTree = "<group>";
		};
		FA2BDAF72A4B276800878BD6 /* LinkUITests */ = {
			isa = PBXGroup;
			children = (
				FA2BDAF82A4B276800878BD6 /* LinkUITests.swift */,
				FA2BDAFA2A4B276800878BD6 /* LinkUITestsLaunchTests.swift */,
			);
			path = LinkUITests;
			sourceTree = "<group>";
		};
		FA2BDB102A4B294200878BD6 /* Views */ = {
			isa = PBXGroup;
			children = (
				FAA81C192A65BEB00016CDE1 /* Profiles */,
				FA9AB4432A589F9300D61269 /* Authentication */,
				FA9AB4462A59E09200D61269 /* HomeView.swift */,
				FA2BDADF2A4B276400878BD6 /* MainView.swift */,
				FA2BDB192A4B29CE00878BD6 /* MapView.swift */,
				FA2BDB1F2A4B2A1A00878BD6 /* SettingsView.swift */,
				FA32815A2A4D32260052C730 /* SidebarView.swift */,
				FA32815F2A4DDE730052C730 /* CirclesView.swift */,
				FA9AB44E2A5DF71300D61269 /* CreateCircleView.swift */,
				FA9AB4562A5EECF400D61269 /* FriendsListView.swift */,
				FA9AB45B2A64543300D61269 /* ExploreFriendsView.swift */,
				FA9AB45F2A65984700D61269 /* MessagesView.swift */,
				FA32815E2A4DD9BB0052C730 /* Styles */,
			);
			path = Views;
			sourceTree = "<group>";
		};
		FA2BDB122A4B295C00878BD6 /* ViewModels */ = {
			isa = PBXGroup;
			children = (
				FAA81C1F2A65BF380016CDE1 /* Authentication */,
				FAA81C1E2A65BF280016CDE1 /* Profiles */,
				FA2BDB212A4B2A6000878BD6 /* MainViewModel.swift */,
				FA2BDB272A4B2A7B00878BD6 /* MapViewModel.swift */,
				FA80F5C82A4C948E001D53C1 /* SidebarViewModel.swift */,
				FA2BDB2D2A4B2A9800878BD6 /* SettingsViewModel.swift */,
				FA9AB44A2A5DC83000D61269 /* HomeViewModel.swift */,
				FA9AB4542A5EECE800D61269 /* FriendsListViewModel.swift */,
				FA9AB4582A5EFB8C00D61269 /* CreateCircleViewModel.swift */,
				FA9AB45D2A64544400D61269 /* ExploreFriendsViewModel.swift */,
				FA9AB4612A65985100D61269 /* MessagesViewModel.swift */,
			);
			path = ViewModels;
			sourceTree = "<group>";
		};
		FA2BDB132A4B296F00878BD6 /* Models */ = {
			isa = PBXGroup;
			children = (
				FA2BDB2F2A4B2B2E00878BD6 /* User.swift */,
				FA9AB44C2A5DF0C900D61269 /* Group.swift */,
			);
			path = Models;
			sourceTree = "<group>";
		};
		FA2BDB142A4B297500878BD6 /* Other */ = {
			isa = PBXGroup;
			children = (
				FA2BDADD2A4B276400878BD6 /* LinkApp.swift */,
				FA80F5BC2A4B5A43001D53C1 /* GoogleService-Info.plist */,
				FA2BDAE12A4B276700878BD6 /* Assets.xcassets */,
				FA80F5B82A4B3270001D53C1 /* Extensions.swift */,
			);
			path = Other;
			sourceTree = "<group>";
		};
		FA32815E2A4DD9BB0052C730 /* Styles */ = {
			isa = PBXGroup;
			children = (
				FA80F5BA2A4B3324001D53C1 /* HeaderView.swift */,
				FA32815C2A4DD9B40052C730 /* TextView.swift */,
				FA9AB4412A5892F500D61269 /* TextFieldView.swift */,
				FA9AB4482A5B416500D61269 /* ImageView.swift */,
			);
			path = Styles;
			sourceTree = "<group>";
		};
		FA9AB4432A589F9300D61269 /* Authentication */ = {
			isa = PBXGroup;
			children = (
				FA2BDB172A4B29C400878BD6 /* RegisterView.swift */,
				FA2BDB152A4B29B700878BD6 /* LoginView.swift */,
				FA9AB4442A589FB700D61269 /* RegisterWithPhoneView.swift */,
			);
			path = Authentication;
			sourceTree = "<group>";
		};
		FAA81C192A65BEB00016CDE1 /* Profiles */ = {
			isa = PBXGroup;
			children = (
				FA9AB4502A5EEC9700D61269 /* ContactView.swift */,
				FAA81C152A65BD080016CDE1 /* CurrentUserProfileView.swift */,
				FA2BDB1D2A4B2A0D00878BD6 /* EditProfileView.swift */,
			);
			path = Profiles;
			sourceTree = "<group>";
		};
		FAA81C1E2A65BF280016CDE1 /* Profiles */ = {
			isa = PBXGroup;
			children = (
				FA9AB4522A5EECA200D61269 /* ContactViewModel.swift */,
				FAA81C172A65BD1E0016CDE1 /* CurrentUserProfileViewModel.swift */,
				FA2BDB2B2A4B2A9100878BD6 /* EditProfileViewModel.swift */,
			);
			path = Profiles;
			sourceTree = "<group>";
		};
		FAA81C1F2A65BF380016CDE1 /* Authentication */ = {
			isa = PBXGroup;
			children = (
				FA2BDB252A4B2A7200878BD6 /* RegisterViewModel.swift */,
				FA2BDB232A4B2A6800878BD6 /* LoginViewModel.swift */,
			);
			path = Authentication;
			sourceTree = "<group>";
		};
/* End PBXGroup section */

/* Begin PBXNativeTarget section */
		FA2BDAD92A4B276400878BD6 /* Link */ = {
			isa = PBXNativeTarget;
			buildConfigurationList = FA2BDAFE2A4B276800878BD6 /* Build configuration list for PBXNativeTarget "Link" */;
			buildPhases = (
				FA2BDAD62A4B276400878BD6 /* Sources */,
				FA2BDAD72A4B276400878BD6 /* Frameworks */,
				FA2BDAD82A4B276400878BD6 /* Resources */,
			);
			buildRules = (
			);
			dependencies = (
			);
			name = Link;
			packageProductDependencies = (
				FA2BDB0A2A4B289600878BD6 /* FirebaseAuth */,
				FA2BDB0C2A4B289600878BD6 /* FirebaseFirestore */,
				FA2BDB0E2A4B289600878BD6 /* FirebaseFirestoreSwift */,
			);
			productName = Link;
			productReference = FA2BDADA2A4B276400878BD6 /* Link.app */;
			productType = "com.apple.product-type.application";
		};
		FA2BDAE92A4B276800878BD6 /* LinkTests */ = {
			isa = PBXNativeTarget;
			buildConfigurationList = FA2BDB012A4B276800878BD6 /* Build configuration list for PBXNativeTarget "LinkTests" */;
			buildPhases = (
				FA2BDAE62A4B276800878BD6 /* Sources */,
				FA2BDAE72A4B276800878BD6 /* Frameworks */,
				FA2BDAE82A4B276800878BD6 /* Resources */,
			);
			buildRules = (
			);
			dependencies = (
				FA2BDAEC2A4B276800878BD6 /* PBXTargetDependency */,
			);
			name = LinkTests;
			productName = LinkTests;
			productReference = FA2BDAEA2A4B276800878BD6 /* LinkTests.xctest */;
			productType = "com.apple.product-type.bundle.unit-test";
		};
		FA2BDAF32A4B276800878BD6 /* LinkUITests */ = {
			isa = PBXNativeTarget;
			buildConfigurationList = FA2BDB042A4B276800878BD6 /* Build configuration list for PBXNativeTarget "LinkUITests" */;
			buildPhases = (
				FA2BDAF02A4B276800878BD6 /* Sources */,
				FA2BDAF12A4B276800878BD6 /* Frameworks */,
				FA2BDAF22A4B276800878BD6 /* Resources */,
			);
			buildRules = (
			);
			dependencies = (
				FA2BDAF62A4B276800878BD6 /* PBXTargetDependency */,
			);
			name = LinkUITests;
			productName = LinkUITests;
			productReference = FA2BDAF42A4B276800878BD6 /* LinkUITests.xctest */;
			productType = "com.apple.product-type.bundle.ui-testing";
		};
/* End PBXNativeTarget section */

/* Begin PBXProject section */
		FA2BDAD22A4B276400878BD6 /* Project object */ = {
			isa = PBXProject;
			attributes = {
				BuildIndependentTargetsInParallel = 1;
				LastSwiftUpdateCheck = 1430;
				LastUpgradeCheck = 1430;
				TargetAttributes = {
					FA2BDAD92A4B276400878BD6 = {
						CreatedOnToolsVersion = 14.3.1;
					};
					FA2BDAE92A4B276800878BD6 = {
						CreatedOnToolsVersion = 14.3.1;
						TestTargetID = FA2BDAD92A4B276400878BD6;
					};
					FA2BDAF32A4B276800878BD6 = {
						CreatedOnToolsVersion = 14.3.1;
						TestTargetID = FA2BDAD92A4B276400878BD6;
					};
				};
			};
			buildConfigurationList = FA2BDAD52A4B276400878BD6 /* Build configuration list for PBXProject "Link" */;
			compatibilityVersion = "Xcode 14.0";
			developmentRegion = en;
			hasScannedForEncodings = 0;
			knownRegions = (
				en,
				Base,
			);
			mainGroup = FA2BDAD12A4B276400878BD6;
			packageReferences = (
				FA2BDB092A4B289600878BD6 /* XCRemoteSwiftPackageReference "firebase-ios-sdk" */,
			);
			productRefGroup = FA2BDADB2A4B276400878BD6 /* Products */;
			projectDirPath = "";
			projectRoot = "";
			targets = (
				FA2BDAD92A4B276400878BD6 /* Link */,
				FA2BDAE92A4B276800878BD6 /* LinkTests */,
				FA2BDAF32A4B276800878BD6 /* LinkUITests */,
			);
		};
/* End PBXProject section */

/* Begin PBXResourcesBuildPhase section */
		FA2BDAD82A4B276400878BD6 /* Resources */ = {
			isa = PBXResourcesBuildPhase;
			buildActionMask = 2147483647;
			files = (
				FA2BDAE52A4B276700878BD6 /* Preview Assets.xcassets in Resources */,
				FA80F5BD2A4B5A43001D53C1 /* GoogleService-Info.plist in Resources */,
				FA2BDAE22A4B276700878BD6 /* Assets.xcassets in Resources */,
			);
			runOnlyForDeploymentPostprocessing = 0;
		};
		FA2BDAE82A4B276800878BD6 /* Resources */ = {
			isa = PBXResourcesBuildPhase;
			buildActionMask = 2147483647;
			files = (
			);
			runOnlyForDeploymentPostprocessing = 0;
		};
		FA2BDAF22A4B276800878BD6 /* Resources */ = {
			isa = PBXResourcesBuildPhase;
			buildActionMask = 2147483647;
			files = (
			);
			runOnlyForDeploymentPostprocessing = 0;
		};
/* End PBXResourcesBuildPhase section */

/* Begin PBXSourcesBuildPhase section */
		FA2BDAD62A4B276400878BD6 /* Sources */ = {
			isa = PBXSourcesBuildPhase;
			buildActionMask = 2147483647;
			files = (
				FA2BDB162A4B29B700878BD6 /* LoginView.swift in Sources */,
				FA32815D2A4DD9B40052C730 /* TextView.swift in Sources */,
				FA9AB4422A5892F500D61269 /* TextFieldView.swift in Sources */,
				FAA81C182A65BD1E0016CDE1 /* CurrentUserProfileViewModel.swift in Sources */,
				FA80F5B92A4B3270001D53C1 /* Extensions.swift in Sources */,
				FA9AB45C2A64543300D61269 /* ExploreFriendsView.swift in Sources */,
				FA2BDB202A4B2A1A00878BD6 /* SettingsView.swift in Sources */,
				FA2BDB182A4B29C400878BD6 /* RegisterView.swift in Sources */,
				FA32815B2A4D32260052C730 /* SidebarView.swift in Sources */,
				FA9AB45E2A64544400D61269 /* ExploreFriendsViewModel.swift in Sources */,
				FA80F5BB2A4B3324001D53C1 /* HeaderView.swift in Sources */,
				FA9AB4592A5EFB8C00D61269 /* CreateCircleViewModel.swift in Sources */,
				FA2BDB302A4B2B2E00878BD6 /* User.swift in Sources */,
				FA2BDB262A4B2A7200878BD6 /* RegisterViewModel.swift in Sources */,
				FA80F5C92A4C948E001D53C1 /* SidebarViewModel.swift in Sources */,
				FA9AB4532A5EECA200D61269 /* ContactViewModel.swift in Sources */,
				FA2BDB2E2A4B2A9800878BD6 /* SettingsViewModel.swift in Sources */,
				FA9AB4512A5EEC9700D61269 /* ContactView.swift in Sources */,
				FA9AB44F2A5DF71300D61269 /* CreateCircleView.swift in Sources */,
				FA9AB4622A65985100D61269 /* MessagesViewModel.swift in Sources */,
				FA2BDB1A2A4B29CE00878BD6 /* MapView.swift in Sources */,
				FA9AB4572A5EECF400D61269 /* FriendsListView.swift in Sources */,
				FA9AB4472A59E09200D61269 /* HomeView.swift in Sources */,
				FA2BDB1E2A4B2A0D00878BD6 /* EditProfileView.swift in Sources */,
				FA9AB44D2A5DF0C900D61269 /* Group.swift in Sources */,
				FA2BDB2C2A4B2A9100878BD6 /* EditProfileViewModel.swift in Sources */,
				FA2BDAE02A4B276400878BD6 /* MainView.swift in Sources */,
				FA9AB4602A65984700D61269 /* MessagesView.swift in Sources */,
				FA9AB4452A589FB700D61269 /* RegisterWithPhoneView.swift in Sources */,
				FA2BDADE2A4B276400878BD6 /* LinkApp.swift in Sources */,
				FA3281602A4DDE730052C730 /* CirclesView.swift in Sources */,
				FA9AB44B2A5DC83000D61269 /* HomeViewModel.swift in Sources */,
				FA2BDB242A4B2A6800878BD6 /* LoginViewModel.swift in Sources */,
				FA9AB4492A5B416500D61269 /* ImageView.swift in Sources */,
				FAA81C162A65BD080016CDE1 /* CurrentUserProfileView.swift in Sources */,
				FA2BDB222A4B2A6000878BD6 /* MainViewModel.swift in Sources */,
				FA9AB4552A5EECE800D61269 /* FriendsListViewModel.swift in Sources */,
				FA2BDB282A4B2A7B00878BD6 /* MapViewModel.swift in Sources */,
			);
			runOnlyForDeploymentPostprocessing = 0;
		};
		FA2BDAE62A4B276800878BD6 /* Sources */ = {
			isa = PBXSourcesBuildPhase;
			buildActionMask = 2147483647;
			files = (
				FA2BDAEF2A4B276800878BD6 /* LinkTests.swift in Sources */,
			);
			runOnlyForDeploymentPostprocessing = 0;
		};
		FA2BDAF02A4B276800878BD6 /* Sources */ = {
			isa = PBXSourcesBuildPhase;
			buildActionMask = 2147483647;
			files = (
				FA2BDAFB2A4B276800878BD6 /* LinkUITestsLaunchTests.swift in Sources */,
				FA2BDAF92A4B276800878BD6 /* LinkUITests.swift in Sources */,
			);
			runOnlyForDeploymentPostprocessing = 0;
		};
/* End PBXSourcesBuildPhase section */

/* Begin PBXTargetDependency section */
		FA2BDAEC2A4B276800878BD6 /* PBXTargetDependency */ = {
			isa = PBXTargetDependency;
			target = FA2BDAD92A4B276400878BD6 /* Link */;
			targetProxy = FA2BDAEB2A4B276800878BD6 /* PBXContainerItemProxy */;
		};
		FA2BDAF62A4B276800878BD6 /* PBXTargetDependency */ = {
			isa = PBXTargetDependency;
			target = FA2BDAD92A4B276400878BD6 /* Link */;
			targetProxy = FA2BDAF52A4B276800878BD6 /* PBXContainerItemProxy */;
		};
/* End PBXTargetDependency section */

/* Begin XCBuildConfiguration section */
		FA2BDAFC2A4B276800878BD6 /* Debug */ = {
			isa = XCBuildConfiguration;
			buildSettings = {
				ALWAYS_SEARCH_USER_PATHS = NO;
				CLANG_ANALYZER_NONNULL = YES;
				CLANG_ANALYZER_NUMBER_OBJECT_CONVERSION = YES_AGGRESSIVE;
				CLANG_CXX_LANGUAGE_STANDARD = "gnu++20";
				CLANG_ENABLE_MODULES = YES;
				CLANG_ENABLE_OBJC_ARC = YES;
				CLANG_ENABLE_OBJC_WEAK = YES;
				CLANG_WARN_BLOCK_CAPTURE_AUTORELEASING = YES;
				CLANG_WARN_BOOL_CONVERSION = YES;
				CLANG_WARN_COMMA = YES;
				CLANG_WARN_CONSTANT_CONVERSION = YES;
				CLANG_WARN_DEPRECATED_OBJC_IMPLEMENTATIONS = YES;
				CLANG_WARN_DIRECT_OBJC_ISA_USAGE = YES_ERROR;
				CLANG_WARN_DOCUMENTATION_COMMENTS = YES;
				CLANG_WARN_EMPTY_BODY = YES;
				CLANG_WARN_ENUM_CONVERSION = YES;
				CLANG_WARN_INFINITE_RECURSION = YES;
				CLANG_WARN_INT_CONVERSION = YES;
				CLANG_WARN_NON_LITERAL_NULL_CONVERSION = YES;
				CLANG_WARN_OBJC_IMPLICIT_RETAIN_SELF = YES;
				CLANG_WARN_OBJC_LITERAL_CONVERSION = YES;
				CLANG_WARN_OBJC_ROOT_CLASS = YES_ERROR;
				CLANG_WARN_QUOTED_INCLUDE_IN_FRAMEWORK_HEADER = YES;
				CLANG_WARN_RANGE_LOOP_ANALYSIS = YES;
				CLANG_WARN_STRICT_PROTOTYPES = YES;
				CLANG_WARN_SUSPICIOUS_MOVE = YES;
				CLANG_WARN_UNGUARDED_AVAILABILITY = YES_AGGRESSIVE;
				CLANG_WARN_UNREACHABLE_CODE = YES;
				CLANG_WARN__DUPLICATE_METHOD_MATCH = YES;
				COPY_PHASE_STRIP = NO;
				DEBUG_INFORMATION_FORMAT = dwarf;
				ENABLE_STRICT_OBJC_MSGSEND = YES;
				ENABLE_TESTABILITY = YES;
				GCC_C_LANGUAGE_STANDARD = gnu11;
				GCC_DYNAMIC_NO_PIC = NO;
				GCC_NO_COMMON_BLOCKS = YES;
				GCC_OPTIMIZATION_LEVEL = 0;
				GCC_PREPROCESSOR_DEFINITIONS = (
					"DEBUG=1",
					"$(inherited)",
				);
				GCC_WARN_64_TO_32_BIT_CONVERSION = YES;
				GCC_WARN_ABOUT_RETURN_TYPE = YES_ERROR;
				GCC_WARN_UNDECLARED_SELECTOR = YES;
				GCC_WARN_UNINITIALIZED_AUTOS = YES_AGGRESSIVE;
				GCC_WARN_UNUSED_FUNCTION = YES;
				GCC_WARN_UNUSED_VARIABLE = YES;
				IPHONEOS_DEPLOYMENT_TARGET = 16.4;
				MTL_ENABLE_DEBUG_INFO = INCLUDE_SOURCE;
				MTL_FAST_MATH = YES;
				ONLY_ACTIVE_ARCH = YES;
				SDKROOT = iphoneos;
				SWIFT_ACTIVE_COMPILATION_CONDITIONS = DEBUG;
				SWIFT_OPTIMIZATION_LEVEL = "-Onone";
			};
			name = Debug;
		};
		FA2BDAFD2A4B276800878BD6 /* Release */ = {
			isa = XCBuildConfiguration;
			buildSettings = {
				ALWAYS_SEARCH_USER_PATHS = NO;
				CLANG_ANALYZER_NONNULL = YES;
				CLANG_ANALYZER_NUMBER_OBJECT_CONVERSION = YES_AGGRESSIVE;
				CLANG_CXX_LANGUAGE_STANDARD = "gnu++20";
				CLANG_ENABLE_MODULES = YES;
				CLANG_ENABLE_OBJC_ARC = YES;
				CLANG_ENABLE_OBJC_WEAK = YES;
				CLANG_WARN_BLOCK_CAPTURE_AUTORELEASING = YES;
				CLANG_WARN_BOOL_CONVERSION = YES;
				CLANG_WARN_COMMA = YES;
				CLANG_WARN_CONSTANT_CONVERSION = YES;
				CLANG_WARN_DEPRECATED_OBJC_IMPLEMENTATIONS = YES;
				CLANG_WARN_DIRECT_OBJC_ISA_USAGE = YES_ERROR;
				CLANG_WARN_DOCUMENTATION_COMMENTS = YES;
				CLANG_WARN_EMPTY_BODY = YES;
				CLANG_WARN_ENUM_CONVERSION = YES;
				CLANG_WARN_INFINITE_RECURSION = YES;
				CLANG_WARN_INT_CONVERSION = YES;
				CLANG_WARN_NON_LITERAL_NULL_CONVERSION = YES;
				CLANG_WARN_OBJC_IMPLICIT_RETAIN_SELF = YES;
				CLANG_WARN_OBJC_LITERAL_CONVERSION = YES;
				CLANG_WARN_OBJC_ROOT_CLASS = YES_ERROR;
				CLANG_WARN_QUOTED_INCLUDE_IN_FRAMEWORK_HEADER = YES;
				CLANG_WARN_RANGE_LOOP_ANALYSIS = YES;
				CLANG_WARN_STRICT_PROTOTYPES = YES;
				CLANG_WARN_SUSPICIOUS_MOVE = YES;
				CLANG_WARN_UNGUARDED_AVAILABILITY = YES_AGGRESSIVE;
				CLANG_WARN_UNREACHABLE_CODE = YES;
				CLANG_WARN__DUPLICATE_METHOD_MATCH = YES;
				COPY_PHASE_STRIP = NO;
				DEBUG_INFORMATION_FORMAT = "dwarf-with-dsym";
				ENABLE_NS_ASSERTIONS = NO;
				ENABLE_STRICT_OBJC_MSGSEND = YES;
				GCC_C_LANGUAGE_STANDARD = gnu11;
				GCC_NO_COMMON_BLOCKS = YES;
				GCC_WARN_64_TO_32_BIT_CONVERSION = YES;
				GCC_WARN_ABOUT_RETURN_TYPE = YES_ERROR;
				GCC_WARN_UNDECLARED_SELECTOR = YES;
				GCC_WARN_UNINITIALIZED_AUTOS = YES_AGGRESSIVE;
				GCC_WARN_UNUSED_FUNCTION = YES;
				GCC_WARN_UNUSED_VARIABLE = YES;
				IPHONEOS_DEPLOYMENT_TARGET = 16.4;
				MTL_ENABLE_DEBUG_INFO = NO;
				MTL_FAST_MATH = YES;
				SDKROOT = iphoneos;
				SWIFT_COMPILATION_MODE = wholemodule;
				SWIFT_OPTIMIZATION_LEVEL = "-O";
				VALIDATE_PRODUCT = YES;
			};
			name = Release;
		};
		FA2BDAFF2A4B276800878BD6 /* Debug */ = {
			isa = XCBuildConfiguration;
			buildSettings = {
				ASSETCATALOG_COMPILER_APPICON_NAME = AppIcon;
				ASSETCATALOG_COMPILER_GLOBAL_ACCENT_COLOR_NAME = AccentColor;
				CODE_SIGN_STYLE = Automatic;
				CURRENT_PROJECT_VERSION = 1;
				DEVELOPMENT_ASSET_PATHS = "\"Link/Preview Content\"";
				ENABLE_PREVIEWS = YES;
				GENERATE_INFOPLIST_FILE = YES;
				INFOPLIST_FILE = Link/Info.plist;
				INFOPLIST_KEY_CFBundleDisplayName = Link;
				INFOPLIST_KEY_NSLocationAlwaysAndWhenInUseUsageDescription = "This app suggest sharing your location with your friends";
				INFOPLIST_KEY_NSLocationWhenInUseUsageDescription = "This app is sharing your location with your friends";
				INFOPLIST_KEY_UIApplicationSceneManifest_Generation = YES;
				INFOPLIST_KEY_UIApplicationSupportsIndirectInputEvents = YES;
				INFOPLIST_KEY_UILaunchScreen_Generation = YES;
				INFOPLIST_KEY_UISupportedInterfaceOrientations = UIInterfaceOrientationPortrait;
				INFOPLIST_KEY_UISupportedInterfaceOrientations_iPad = "UIInterfaceOrientationPortrait UIInterfaceOrientationPortraitUpsideDown";
				LD_RUNPATH_SEARCH_PATHS = (
					"$(inherited)",
					"@executable_path/Frameworks",
				);
				MARKETING_VERSION = 1.0;
				PRODUCT_BUNDLE_IDENTIFIER = AppDev.Link;
				PRODUCT_NAME = "$(TARGET_NAME)";
				SWIFT_EMIT_LOC_STRINGS = YES;
				SWIFT_VERSION = 5.0;
				TARGETED_DEVICE_FAMILY = "1,2";
			};
			name = Debug;
		};
		FA2BDB002A4B276800878BD6 /* Release */ = {
			isa = XCBuildConfiguration;
			buildSettings = {
				ASSETCATALOG_COMPILER_APPICON_NAME = AppIcon;
				ASSETCATALOG_COMPILER_GLOBAL_ACCENT_COLOR_NAME = AccentColor;
				CODE_SIGN_STYLE = Automatic;
				CURRENT_PROJECT_VERSION = 1;
				DEVELOPMENT_ASSET_PATHS = "\"Link/Preview Content\"";
				ENABLE_PREVIEWS = YES;
				GENERATE_INFOPLIST_FILE = YES;
				INFOPLIST_FILE = Link/Info.plist;
				INFOPLIST_KEY_CFBundleDisplayName = Link;
				INFOPLIST_KEY_NSLocationAlwaysAndWhenInUseUsageDescription = "This app suggest sharing your location with your friends";
				INFOPLIST_KEY_NSLocationWhenInUseUsageDescription = "This app is sharing your location with your friends";
				INFOPLIST_KEY_UIApplicationSceneManifest_Generation = YES;
				INFOPLIST_KEY_UIApplicationSupportsIndirectInputEvents = YES;
				INFOPLIST_KEY_UILaunchScreen_Generation = YES;
				INFOPLIST_KEY_UISupportedInterfaceOrientations = UIInterfaceOrientationPortrait;
				INFOPLIST_KEY_UISupportedInterfaceOrientations_iPad = "UIInterfaceOrientationPortrait UIInterfaceOrientationPortraitUpsideDown";
				LD_RUNPATH_SEARCH_PATHS = (
					"$(inherited)",
					"@executable_path/Frameworks",
				);
				MARKETING_VERSION = 1.0;
				PRODUCT_BUNDLE_IDENTIFIER = AppDev.Link;
				PRODUCT_NAME = "$(TARGET_NAME)";
				SWIFT_EMIT_LOC_STRINGS = YES;
				SWIFT_VERSION = 5.0;
				TARGETED_DEVICE_FAMILY = "1,2";
			};
			name = Release;
		};
		FA2BDB022A4B276800878BD6 /* Debug */ = {
			isa = XCBuildConfiguration;
			buildSettings = {
				ALWAYS_EMBED_SWIFT_STANDARD_LIBRARIES = YES;
				BUNDLE_LOADER = "$(TEST_HOST)";
				CODE_SIGN_STYLE = Automatic;
				CURRENT_PROJECT_VERSION = 1;
				GENERATE_INFOPLIST_FILE = YES;
				IPHONEOS_DEPLOYMENT_TARGET = 16.4;
				MARKETING_VERSION = 1.0;
				PRODUCT_BUNDLE_IDENTIFIER = AppDev.LinkTests;
				PRODUCT_NAME = "$(TARGET_NAME)";
				SWIFT_EMIT_LOC_STRINGS = NO;
				SWIFT_VERSION = 5.0;
				TARGETED_DEVICE_FAMILY = "1,2";
				TEST_HOST = "$(BUILT_PRODUCTS_DIR)/Link.app/$(BUNDLE_EXECUTABLE_FOLDER_PATH)/Link";
			};
			name = Debug;
		};
		FA2BDB032A4B276800878BD6 /* Release */ = {
			isa = XCBuildConfiguration;
			buildSettings = {
				ALWAYS_EMBED_SWIFT_STANDARD_LIBRARIES = YES;
				BUNDLE_LOADER = "$(TEST_HOST)";
				CODE_SIGN_STYLE = Automatic;
				CURRENT_PROJECT_VERSION = 1;
				GENERATE_INFOPLIST_FILE = YES;
				IPHONEOS_DEPLOYMENT_TARGET = 16.4;
				MARKETING_VERSION = 1.0;
				PRODUCT_BUNDLE_IDENTIFIER = AppDev.LinkTests;
				PRODUCT_NAME = "$(TARGET_NAME)";
				SWIFT_EMIT_LOC_STRINGS = NO;
				SWIFT_VERSION = 5.0;
				TARGETED_DEVICE_FAMILY = "1,2";
				TEST_HOST = "$(BUILT_PRODUCTS_DIR)/Link.app/$(BUNDLE_EXECUTABLE_FOLDER_PATH)/Link";
			};
			name = Release;
		};
		FA2BDB052A4B276800878BD6 /* Debug */ = {
			isa = XCBuildConfiguration;
			buildSettings = {
				ALWAYS_EMBED_SWIFT_STANDARD_LIBRARIES = YES;
				CODE_SIGN_STYLE = Automatic;
				CURRENT_PROJECT_VERSION = 1;
				GENERATE_INFOPLIST_FILE = YES;
				MARKETING_VERSION = 1.0;
				PRODUCT_BUNDLE_IDENTIFIER = AppDev.LinkUITests;
				PRODUCT_NAME = "$(TARGET_NAME)";
				SWIFT_EMIT_LOC_STRINGS = NO;
				SWIFT_VERSION = 5.0;
				TARGETED_DEVICE_FAMILY = "1,2";
				TEST_TARGET_NAME = Link;
			};
			name = Debug;
		};
		FA2BDB062A4B276800878BD6 /* Release */ = {
			isa = XCBuildConfiguration;
			buildSettings = {
				ALWAYS_EMBED_SWIFT_STANDARD_LIBRARIES = YES;
				CODE_SIGN_STYLE = Automatic;
				CURRENT_PROJECT_VERSION = 1;
				GENERATE_INFOPLIST_FILE = YES;
				MARKETING_VERSION = 1.0;
				PRODUCT_BUNDLE_IDENTIFIER = AppDev.LinkUITests;
				PRODUCT_NAME = "$(TARGET_NAME)";
				SWIFT_EMIT_LOC_STRINGS = NO;
				SWIFT_VERSION = 5.0;
				TARGETED_DEVICE_FAMILY = "1,2";
				TEST_TARGET_NAME = Link;
			};
			name = Release;
		};
/* End XCBuildConfiguration section */

/* Begin XCConfigurationList section */
		FA2BDAD52A4B276400878BD6 /* Build configuration list for PBXProject "Link" */ = {
			isa = XCConfigurationList;
			buildConfigurations = (
				FA2BDAFC2A4B276800878BD6 /* Debug */,
				FA2BDAFD2A4B276800878BD6 /* Release */,
			);
			defaultConfigurationIsVisible = 0;
			defaultConfigurationName = Release;
		};
		FA2BDAFE2A4B276800878BD6 /* Build configuration list for PBXNativeTarget "Link" */ = {
			isa = XCConfigurationList;
			buildConfigurations = (
				FA2BDAFF2A4B276800878BD6 /* Debug */,
				FA2BDB002A4B276800878BD6 /* Release */,
			);
			defaultConfigurationIsVisible = 0;
			defaultConfigurationName = Release;
		};
		FA2BDB012A4B276800878BD6 /* Build configuration list for PBXNativeTarget "LinkTests" */ = {
			isa = XCConfigurationList;
			buildConfigurations = (
				FA2BDB022A4B276800878BD6 /* Debug */,
				FA2BDB032A4B276800878BD6 /* Release */,
			);
			defaultConfigurationIsVisible = 0;
			defaultConfigurationName = Release;
		};
		FA2BDB042A4B276800878BD6 /* Build configuration list for PBXNativeTarget "LinkUITests" */ = {
			isa = XCConfigurationList;
			buildConfigurations = (
				FA2BDB052A4B276800878BD6 /* Debug */,
				FA2BDB062A4B276800878BD6 /* Release */,
			);
			defaultConfigurationIsVisible = 0;
			defaultConfigurationName = Release;
		};
/* End XCConfigurationList section */

/* Begin XCRemoteSwiftPackageReference section */
		FA2BDB092A4B289600878BD6 /* XCRemoteSwiftPackageReference "firebase-ios-sdk" */ = {
			isa = XCRemoteSwiftPackageReference;
			repositoryURL = "https://github.com/firebase/firebase-ios-sdk";
			requirement = {
				kind = upToNextMajorVersion;
				minimumVersion = 10.0.0;
			};
		};
/* End XCRemoteSwiftPackageReference section */

/* Begin XCSwiftPackageProductDependency section */
		FA2BDB0A2A4B289600878BD6 /* FirebaseAuth */ = {
			isa = XCSwiftPackageProductDependency;
			package = FA2BDB092A4B289600878BD6 /* XCRemoteSwiftPackageReference "firebase-ios-sdk" */;
			productName = FirebaseAuth;
		};
		FA2BDB0C2A4B289600878BD6 /* FirebaseFirestore */ = {
			isa = XCSwiftPackageProductDependency;
			package = FA2BDB092A4B289600878BD6 /* XCRemoteSwiftPackageReference "firebase-ios-sdk" */;
			productName = FirebaseFirestore;
		};
		FA2BDB0E2A4B289600878BD6 /* FirebaseFirestoreSwift */ = {
			isa = XCSwiftPackageProductDependency;
			package = FA2BDB092A4B289600878BD6 /* XCRemoteSwiftPackageReference "firebase-ios-sdk" */;
			productName = FirebaseFirestoreSwift;
		};
/* End XCSwiftPackageProductDependency section */
	};
	rootObject = FA2BDAD22A4B276400878BD6 /* Project object */;
}
